Microsoft Visual Studio Solution File, Format Version 12.00
# Visual Studio Version 17
VisualStudioVersion = 17.5.2.0
MinimumVisualStudioVersion = 10.0.40219.1
Project("{FAE04EC0-301F-11D3-BF4B-00C04F79EFBC}") = "BoldReportsWPF", "BoldReportsWPF\BoldReportsWPF.csproj", "{F88874EA-F023-82B7-3F44-155A7F911EC9}"
EndProject
Project("{FAE04EC0-301F-11D3-BF4B-00C04F79EFBC}") = "BoldReportsAPI", "BoldReportsAPI\BoldReportsAPI.csproj", "{3808C316-41D0-4FB9-84C6-860D07F8BC26}"
EndProject
Global
	GlobalSection(SolutionConfigurationPlatforms) = preSolution
		Debug|Any CPU = Debug|Any CPU
		Release|Any CPU = Release|Any CPU
	EndGlobalSection
	GlobalSection(ProjectConfigurationPlatforms) = postSolution
		{F88874EA-F023-82B7-3F44-155A7F911EC9}.Debug|Any CPU.ActiveCfg = Debug|Any CPU
		{F88874EA-F023-82B7-3F44-155A7F911EC9}.Debug|Any CPU.Build.0 = Debug|Any CPU
		{F88874EA-F023-82B7-3F44-155A7F911EC9}.Release|Any CPU.ActiveCfg = Release|Any CPU
		{F88874EA-F023-82B7-3F44-155A7F911EC9}.Release|Any CPU.Build.0 = Release|Any CPU
		{3808C316-41D0-4FB9-84C6-860D07F8BC26}.Debug|Any CPU.ActiveCfg = Debug|Any CPU
		{3808C316-41D0-4FB9-84C6-860D07F8BC26}.Debug|Any CPU.Build.0 = Debug|Any CPU
		{3808C316-41D0-4FB9-84C6-860D07F8BC26}.Release|Any CPU.ActiveCfg = Release|Any CPU
		{3808C316-41D0-4FB9-84C6-860D07F8BC26}.Release|Any CPU.Build.0 = Release|Any CPU
	EndGlobalSection
	GlobalSection(SolutionProperties) = preSolution
		HideSolutionNode = FALSE
	EndGlobalSection
	GlobalSection(ExtensibilityGlobals) = postSolution
		SolutionGuid = {01B613A7-D292-4722-A603-34F2D0C3F184}
	EndGlobalSection
EndGlobal
